
Microsoft Visual Studio Solution File, Format Version 12.00
# Visual Studio Version 17
VisualStudioVersion = 17.3.32825.248
MinimumVisualStudioVersion = 10.0.40219.1
Project("{FAE04EC0-301F-11D3-BF4B-00C04F79EFBC}") = "DIDemo", "DIDemo\DIDemo.csproj", "{67A31571-136E-4230-9F37-C5384139B71D}"
EndProject
Global
	GlobalSection(SolutionConfigurationPlatforms) = preSolution
		Debug|Any CPU = Debug|Any CPU
		Release|Any CPU = Release|Any CPU
	EndGlobalSection
	GlobalSection(ProjectConfigurationPlatforms) = postSolution
		{67A31571-136E-4230-9F37-C5384139B71D}.Debug|Any CPU.ActiveCfg = Debug|Any CPU
		{67A31571-136E-4230-9F37-C5384139B71D}.Debug|Any CPU.Build.0 = Debug|Any CPU
		{67A31571-136E-4230-9F37-C5384139B71D}.Release|Any CPU.ActiveCfg = Release|Any CPU
		{67A31571-136E-4230-9F37-C5384139B71D}.Release|Any CPU.Build.0 = Release|Any CPU
	EndGlobalSection
	GlobalSection(SolutionProperties) = preSolution
		HideSolutionNode = FALSE
	EndGlobalSection
	GlobalSection(ExtensibilityGlobals) = postSolution
		SolutionGuid = {0473CAF6-FF0D-4B8A-90EF-439E2AE604B6}
	EndGlobalSection
EndGlobal
